// !$*UTF8*$!
{
	archiveVersion = 1;
	classes = {
	};
	objectVersion = 55;
	objects = {

/* Begin PBXBuildFile section */
		BF32529D27748DAA00F69F78 /* AppDelegate.swift in Sources */ = {isa = PBXBuildFile; fileRef = BF32529C27748DAA00F69F78 /* AppDelegate.swift */; };
		BF32529F27748DAA00F69F78 /* SceneDelegate.swift in Sources */ = {isa = PBXBuildFile; fileRef = BF32529E27748DAA00F69F78 /* SceneDelegate.swift */; };
		BF3252A427748DAA00F69F78 /* Main.storyboard in Resources */ = {isa = PBXBuildFile; fileRef = BF3252A227748DAA00F69F78 /* Main.storyboard */; };
		BF3252A627748DAB00F69F78 /* Assets.xcassets in Resources */ = {isa = PBXBuildFile; fileRef = BF3252A527748DAB00F69F78 /* Assets.xcassets */; };
		BF3252A927748DAB00F69F78 /* LaunchScreen.storyboard in Resources */ = {isa = PBXBuildFile; fileRef = BF3252A727748DAB00F69F78 /* LaunchScreen.storyboard */; };
		BF3252B127748DCF00F69F78 /* Model.swift in Sources */ = {isa = PBXBuildFile; fileRef = BF3252B027748DCF00F69F78 /* Model.swift */; };
		BF3252B327748F9F00F69F78 /* TableViewController.swift in Sources */ = {isa = PBXBuildFile; fileRef = BF3252B227748F9F00F69F78 /* TableViewController.swift */; };
		BF3252B527749D7900F69F78 /* ViewController.swift in Sources */ = {isa = PBXBuildFile; fileRef = BF3252B427749D7900F69F78 /* ViewController.swift */; };
		E269E802277DB77B00254CBF /* StartViewController.swift in Sources */ = {isa = PBXBuildFile; fileRef = E269E801277DB77B00254CBF /* StartViewController.swift */; };
		E269E804277DBE6900254CBF /* F1.svg.png in Resources */ = {isa = PBXBuildFile; fileRef = E269E803277DBE6800254CBF /* F1.svg.png */; };
/* End PBXBuildFile section */

/* Begin PBXFileReference section */
		BF32529927748DAA00F69F78 /* frische-erdbeeren-project.app */ = {isa = PBXFileReference; explicitFileType = wrapper.application; includeInIndex = 0; path = "frische-erdbeeren-project.app"; sourceTree = BUILT_PRODUCTS_DIR; };
		BF32529C27748DAA00F69F78 /* AppDelegate.swift */ = {isa = PBXFileReference; lastKnownFileType = sourcecode.swift; path = AppDelegate.swift; sourceTree = "<group>"; };
		BF32529E27748DAA00F69F78 /* SceneDelegate.swift */ = {isa = PBXFileReference; lastKnownFileType = sourcecode.swift; path = SceneDelegate.swift; sourceTree = "<group>"; };
		BF3252A327748DAA00F69F78 /* Base */ = {isa = PBXFileReference; lastKnownFileType = file.storyboard; name = Base; path = Base.lproj/Main.storyboard; sourceTree = "<group>"; };
		BF3252A527748DAB00F69F78 /* Assets.xcassets */ = {isa = PBXFileReference; lastKnownFileType = folder.assetcatalog; path = Assets.xcassets; sourceTree = "<group>"; };
		BF3252A827748DAB00F69F78 /* Base */ = {isa = PBXFileReference; lastKnownFileType = file.storyboard; name = Base; path = Base.lproj/LaunchScreen.storyboard; sourceTree = "<group>"; };
		BF3252AA27748DAB00F69F78 /* Info.plist */ = {isa = PBXFileReference; lastKnownFileType = text.plist.xml; path = Info.plist; sourceTree = "<group>"; };
		BF3252B027748DCF00F69F78 /* Model.swift */ = {isa = PBXFileReference; lastKnownFileType = sourcecode.swift; path = Model.swift; sourceTree = "<group>"; };
		BF3252B227748F9F00F69F78 /* TableViewController.swift */ = {isa = PBXFileReference; lastKnownFileType = sourcecode.swift; path = TableViewController.swift; sourceTree = "<group>"; };
		BF3252B427749D7900F69F78 /* ViewController.swift */ = {isa = PBXFileReference; lastKnownFileType = sourcecode.swift; path = ViewController.swift; sourceTree = "<group>"; };
		E269E801277DB77B00254CBF /* StartViewController.swift */ = {isa = PBXFileReference; lastKnownFileType = sourcecode.swift; path = StartViewController.swift; sourceTree = "<group>"; };
		E269E803277DBE6800254CBF /* F1.svg.png */ = {isa = PBXFileReference; lastKnownFileType = image.png; path = F1.svg.png; sourceTree = "<group>"; };
/* End PBXFileReference section */

/* Begin PBXFrameworksBuildPhase section */
		BF32529627748DAA00F69F78 /* Frameworks */ = {
			isa = PBXFrameworksBuildPhase;
			buildActionMask = 2147483647;
			files = (
			);
			runOnlyForDeploymentPostprocessing = 0;
		};
/* End PBXFrameworksBuildPhase section */

/* Begin PBXGroup section */
		BF32529027748DAA00F69F78 = {
			isa = PBXGroup;
			children = (
				BF32529B27748DAA00F69F78 /* frische-erdbeeren-project */,
				BF32529A27748DAA00F69F78 /* Products */,
			);
			sourceTree = "<group>";
		};
		BF32529A27748DAA00F69F78 /* Products */ = {
			isa = PBXGroup;
			children = (
				BF32529927748DAA00F69F78 /* frische-erdbeeren-project.app */,
			);
			name = Products;
			sourceTree = "<group>";
		};
		BF32529B27748DAA00F69F78 /* frische-erdbeeren-project */ = {
			isa = PBXGroup;
			children = (
				BF32529C27748DAA00F69F78 /* AppDelegate.swift */,
				BF32529E27748DAA00F69F78 /* SceneDelegate.swift */,
				BF3252A227748DAA00F69F78 /* Main.storyboard */,
				BF3252B227748F9F00F69F78 /* TableViewController.swift */,
				BF3252B427749D7900F69F78 /* ViewController.swift */,
				E269E803277DBE6800254CBF /* F1.svg.png */,
				BF3252A527748DAB00F69F78 /* Assets.xcassets */,
				BF3252A727748DAB00F69F78 /* LaunchScreen.storyboard */,
				BF3252AA27748DAB00F69F78 /* Info.plist */,
				BF3252B027748DCF00F69F78 /* Model.swift */,
				E269E801277DB77B00254CBF /* StartViewController.swift */,
			);
			path = "frische-erdbeeren-project";
			sourceTree = "<group>";
		};
/* End PBXGroup section */

/* Begin PBXNativeTarget section */
		BF32529827748DAA00F69F78 /* frische-erdbeeren-project */ = {
			isa = PBXNativeTarget;
			buildConfigurationList = BF3252AD27748DAB00F69F78 /* Build configuration list for PBXNativeTarget "frische-erdbeeren-project" */;
			buildPhases = (
				BF32529527748DAA00F69F78 /* Sources */,
				BF32529627748DAA00F69F78 /* Frameworks */,
				BF32529727748DAA00F69F78 /* Resources */,
			);
			buildRules = (
			);
			dependencies = (
			);
			name = "frische-erdbeeren-project";
			productName = "frische-erdbeeren-project";
			productReference = BF32529927748DAA00F69F78 /* frische-erdbeeren-project.app */;
			productType = "com.apple.product-type.application";
		};
/* End PBXNativeTarget section */

/* Begin PBXProject section */
		BF32529127748DAA00F69F78 /* Project object */ = {
			isa = PBXProject;
			attributes = {
				BuildIndependentTargetsInParallel = 1;
				LastSwiftUpdateCheck = 1310;
				LastUpgradeCheck = 1310;
				TargetAttributes = {
					BF32529827748DAA00F69F78 = {
						CreatedOnToolsVersion = 13.1;
					};
				};
			};
			buildConfigurationList = BF32529427748DAA00F69F78 /* Build configuration list for PBXProject "frische-erdbeeren-project" */;
			compatibilityVersion = "Xcode 13.0";
			developmentRegion = en;
			hasScannedForEncodings = 0;
			knownRegions = (
				en,
				Base,
			);
			mainGroup = BF32529027748DAA00F69F78;
			productRefGroup = BF32529A27748DAA00F69F78 /* Products */;
			projectDirPath = "";
			projectRoot = "";
			targets = (
				BF32529827748DAA00F69F78 /* frische-erdbeeren-project */,
			);
		};
/* End PBXProject section */

/* Begin PBXResourcesBuildPhase section */
		BF32529727748DAA00F69F78 /* Resources */ = {
			isa = PBXResourcesBuildPhase;
			buildActionMask = 2147483647;
			files = (
				BF3252A927748DAB00F69F78 /* LaunchScreen.storyboard in Resources */,
				BF3252A627748DAB00F69F78 /* Assets.xcassets in Resources */,
				E269E804277DBE6900254CBF /* F1.svg.png in Resources */,
				BF3252A427748DAA00F69F78 /* Main.storyboard in Resources */,
			);
			runOnlyForDeploymentPostprocessing = 0;
		};
/* End PBXResourcesBuildPhase section */

/* Begin PBXSourcesBuildPhase section */
		BF32529527748DAA00F69F78 /* Sources */ = {
			isa = PBXSourcesBuildPhase;
			buildActionMask = 2147483647;
			files = (
				BF3252B527749D7900F69F78 /* ViewController.swift in Sources */,
				BF32529D27748DAA00F69F78 /* AppDelegate.swift in Sources */,
				BF32529F27748DAA00F69F78 /* SceneDelegate.swift in Sources */,
				BF3252B327748F9F00F69F78 /* TableViewController.swift in Sources */,
				BF3252B127748DCF00F69F78 /* Model.swift in Sources */,
				E269E802277DB77B00254CBF /* StartViewController.swift in Sources */,
			);
			runOnlyForDeploymentPostprocessing = 0;
		};
/* End PBXSourcesBuildPhase section */

/* Begin PBXVariantGroup section */
		BF3252A227748DAA00F69F78 /* Main.storyboard */ = {
			isa = PBXVariantGroup;
			children = (
				BF3252A327748DAA00F69F78 /* Base */,
			);
			name = Main.storyboard;
			sourceTree = "<group>";
		};
		BF3252A727748DAB00F69F78 /* LaunchScreen.storyboard */ = {
			isa = PBXVariantGroup;
			children = (
				BF3252A827748DAB00F69F78 /* Base */,
			);
			name = LaunchScreen.storyboard;
			sourceTree = "<group>";
		};
/* End PBXVariantGroup section */

/* Begin XCBuildConfiguration section */
		BF3252AB27748DAB00F69F78 /* Debug */ = {
			isa = XCBuildConfiguration;
			buildSettings = {
				ALWAYS_SEARCH_USER_PATHS = NO;
				CLANG_ANALYZER_NONNULL = YES;
				CLANG_ANALYZER_NUMBER_OBJECT_CONVERSION = YES_AGGRESSIVE;
				CLANG_CXX_LANGUAGE_STANDARD = "gnu++17";
				CLANG_CXX_LIBRARY = "libc++";
				CLANG_ENABLE_MODULES = YES;
				CLANG_ENABLE_OBJC_ARC = YES;
				CLANG_ENABLE_OBJC_WEAK = YES;
				CLANG_WARN_BLOCK_CAPTURE_AUTORELEASING = YES;
				CLANG_WARN_BOOL_CONVERSION = YES;
				CLANG_WARN_COMMA = YES;
				CLANG_WARN_CONSTANT_CONVERSION = YES;
				CLANG_WARN_DEPRECATED_OBJC_IMPLEMENTATIONS = YES;
				CLANG_WARN_DIRECT_OBJC_ISA_USAGE = YES_ERROR;
				CLANG_WARN_DOCUMENTATION_COMMENTS = YES;
				CLANG_WARN_EMPTY_BODY = YES;
				CLANG_WARN_ENUM_CONVERSION = YES;
				CLANG_WARN_INFINITE_RECURSION = YES;
				CLANG_WARN_INT_CONVERSION = YES;
				CLANG_WARN_NON_LITERAL_NULL_CONVERSION = YES;
				CLANG_WARN_OBJC_IMPLICIT_RETAIN_SELF = YES;
				CLANG_WARN_OBJC_LITERAL_CONVERSION = YES;
				CLANG_WARN_OBJC_ROOT_CLASS = YES_ERROR;
				CLANG_WARN_QUOTED_INCLUDE_IN_FRAMEWORK_HEADER = YES;
				CLANG_WARN_RANGE_LOOP_ANALYSIS = YES;
				CLANG_WARN_STRICT_PROTOTYPES = YES;
				CLANG_WARN_SUSPICIOUS_MOVE = YES;
				CLANG_WARN_UNGUARDED_AVAILABILITY = YES_AGGRESSIVE;
				CLANG_WARN_UNREACHABLE_CODE = YES;
				CLANG_WARN__DUPLICATE_METHOD_MATCH = YES;
				COPY_PHASE_STRIP = NO;
				DEBUG_INFORMATION_FORMAT = dwarf;
				ENABLE_STRICT_OBJC_MSGSEND = YES;
				ENABLE_TESTABILITY = YES;
				GCC_C_LANGUAGE_STANDARD = gnu11;
				GCC_DYNAMIC_NO_PIC = NO;
				GCC_NO_COMMON_BLOCKS = YES;
				GCC_OPTIMIZATION_LEVEL = 0;
				GCC_PREPROCESSOR_DEFINITIONS = (
					"DEBUG=1",
					"$(inherited)",
				);
				GCC_WARN_64_TO_32_BIT_CONVERSION = YES;
				GCC_WARN_ABOUT_RETURN_TYPE = YES_ERROR;
				GCC_WARN_UNDECLARED_SELECTOR = YES;
				GCC_WARN_UNINITIALIZED_AUTOS = YES_AGGRESSIVE;
				GCC_WARN_UNUSED_FUNCTION = YES;
				GCC_WARN_UNUSED_VARIABLE = YES;
				IPHONEOS_DEPLOYMENT_TARGET = 15.0;
				MTL_ENABLE_DEBUG_INFO = INCLUDE_SOURCE;
				MTL_FAST_MATH = YES;
				ONLY_ACTIVE_ARCH = YES;
				SDKROOT = iphoneos;
				SWIFT_ACTIVE_COMPILATION_CONDITIONS = DEBUG;
				SWIFT_OPTIMIZATION_LEVEL = "-Onone";
			};
			name = Debug;
		};
		BF3252AC27748DAB00F69F78 /* Release */ = {
			isa = XCBuildConfiguration;
			buildSettings = {
				ALWAYS_SEARCH_USER_PATHS = NO;
				CLANG_ANALYZER_NONNULL = YES;
				CLANG_ANALYZER_NUMBER_OBJECT_CONVERSION = YES_AGGRESSIVE;
				CLANG_CXX_LANGUAGE_STANDARD = "gnu++17";
				CLANG_CXX_LIBRARY = "libc++";
				CLANG_ENABLE_MODULES = YES;
				CLANG_ENABLE_OBJC_ARC = YES;
				CLANG_ENABLE_OBJC_WEAK = YES;
				CLANG_WARN_BLOCK_CAPTURE_AUTORELEASING = YES;
				CLANG_WARN_BOOL_CONVERSION = YES;
				CLANG_WARN_COMMA = YES;
				CLANG_WARN_CONSTANT_CONVERSION = YES;
				CLANG_WARN_DEPRECATED_OBJC_IMPLEMENTATIONS = YES;
				CLANG_WARN_DIRECT_OBJC_ISA_USAGE = YES_ERROR;
				CLANG_WARN_DOCUMENTATION_COMMENTS = YES;
				CLANG_WARN_EMPTY_BODY = YES;
				CLANG_WARN_ENUM_CONVERSION = YES;
				CLANG_WARN_INFINITE_RECURSION = YES;
				CLANG_WARN_INT_CONVERSION = YES;
				CLANG_WARN_NON_LITERAL_NULL_CONVERSION = YES;
				CLANG_WARN_OBJC_IMPLICIT_RETAIN_SELF = YES;
				CLANG_WARN_OBJC_LITERAL_CONVERSION = YES;
				CLANG_WARN_OBJC_ROOT_CLASS = YES_ERROR;
				CLANG_WARN_QUOTED_INCLUDE_IN_FRAMEWORK_HEADER = YES;
				CLANG_WARN_RANGE_LOOP_ANALYSIS = YES;
				CLANG_WARN_STRICT_PROTOTYPES = YES;
				CLANG_WARN_SUSPICIOUS_MOVE = YES;
				CLANG_WARN_UNGUARDED_AVAILABILITY = YES_AGGRESSIVE;
				CLANG_WARN_UNREACHABLE_CODE = YES;
				CLANG_WARN__DUPLICATE_METHOD_MATCH = YES;
				COPY_PHASE_STRIP = NO;
				DEBUG_INFORMATION_FORMAT = "dwarf-with-dsym";
				ENABLE_NS_ASSERTIONS = NO;
				ENABLE_STRICT_OBJC_MSGSEND = YES;
				GCC_C_LANGUAGE_STANDARD = gnu11;
				GCC_NO_COMMON_BLOCKS = YES;
				GCC_WARN_64_TO_32_BIT_CONVERSION = YES;
				GCC_WARN_ABOUT_RETURN_TYPE = YES_ERROR;
				GCC_WARN_UNDECLARED_SELECTOR = YES;
				GCC_WARN_UNINITIALIZED_AUTOS = YES_AGGRESSIVE;
				GCC_WARN_UNUSED_FUNCTION = YES;
				GCC_WARN_UNUSED_VARIABLE = YES;
				IPHONEOS_DEPLOYMENT_TARGET = 15.0;
				MTL_ENABLE_DEBUG_INFO = NO;
				MTL_FAST_MATH = YES;
				SDKROOT = iphoneos;
				SWIFT_COMPILATION_MODE = wholemodule;
				SWIFT_OPTIMIZATION_LEVEL = "-O";
				VALIDATE_PRODUCT = YES;
			};
			name = Release;
		};
		BF3252AE27748DAB00F69F78 /* Debug */ = {
			isa = XCBuildConfiguration;
			buildSettings = {
				ASSETCATALOG_COMPILER_APPICON_NAME = AppIcon;
				ASSETCATALOG_COMPILER_GLOBAL_ACCENT_COLOR_NAME = AccentColor;
				CODE_SIGN_STYLE = Automatic;
				CURRENT_PROJECT_VERSION = 1;
				GENERATE_INFOPLIST_FILE = YES;
				INFOPLIST_FILE = "frische-erdbeeren-project/Info.plist";
				INFOPLIST_KEY_UIApplicationSupportsIndirectInputEvents = YES;
				INFOPLIST_KEY_UILaunchStoryboardName = LaunchScreen;
				INFOPLIST_KEY_UIMainStoryboardFile = Main;
				INFOPLIST_KEY_UISupportedInterfaceOrientations_iPad = "UIInterfaceOrientationPortrait UIInterfaceOrientationPortraitUpsideDown UIInterfaceOrientationLandscapeLeft UIInterfaceOrientationLandscapeRight";
				INFOPLIST_KEY_UISupportedInterfaceOrientations_iPhone = "UIInterfaceOrientationPortrait UIInterfaceOrientationLandscapeLeft UIInterfaceOrientationLandscapeRight";
				LD_RUNPATH_SEARCH_PATHS = (
					"$(inherited)",
					"@executable_path/Frameworks",
				);
				MARKETING_VERSION = 1.0;
				PRODUCT_BUNDLE_IDENTIFIER = "local.frischeerdbeeren.frische-erdbeeren-project";
				PRODUCT_NAME = "$(TARGET_NAME)";
				SWIFT_EMIT_LOC_STRINGS = YES;
				SWIFT_VERSION = 5.0;
				TARGETED_DEVICE_FAMILY = "1,2";
			};
			name = Debug;
		};
		BF3252AF27748DAB00F69F78 /* Release */ = {
			isa = XCBuildConfiguration;
			buildSettings = {
				ASSETCATALOG_COMPILER_APPICON_NAME = AppIcon;
				ASSETCATALOG_COMPILER_GLOBAL_ACCENT_COLOR_NAME = AccentColor;
				CODE_SIGN_STYLE = Automatic;
				CURRENT_PROJECT_VERSION = 1;
				GENERATE_INFOPLIST_FILE = YES;
				INFOPLIST_FILE = "frische-erdbeeren-project/Info.plist";
				INFOPLIST_KEY_UIApplicationSupportsIndirectInputEvents = YES;
				INFOPLIST_KEY_UILaunchStoryboardName = LaunchScreen;
				INFOPLIST_KEY_UIMainStoryboardFile = Main;
				INFOPLIST_KEY_UISupportedInterfaceOrientations_iPad = "UIInterfaceOrientationPortrait UIInterfaceOrientationPortraitUpsideDown UIInterfaceOrientationLandscapeLeft UIInterfaceOrientationLandscapeRight";
				INFOPLIST_KEY_UISupportedInterfaceOrientations_iPhone = "UIInterfaceOrientationPortrait UIInterfaceOrientationLandscapeLeft UIInterfaceOrientationLandscapeRight";
				LD_RUNPATH_SEARCH_PATHS = (
					"$(inherited)",
					"@executable_path/Frameworks",
				);
				MARKETING_VERSION = 1.0;
				PRODUCT_BUNDLE_IDENTIFIER = "local.frischeerdbeeren.frische-erdbeeren-project";
				PRODUCT_NAME = "$(TARGET_NAME)";
				SWIFT_EMIT_LOC_STRINGS = YES;
				SWIFT_VERSION = 5.0;
				TARGETED_DEVICE_FAMILY = "1,2";
			};
			name = Release;
		};
/* End XCBuildConfiguration section */

/* Begin XCConfigurationList section */
		BF32529427748DAA00F69F78 /* Build configuration list for PBXProject "frische-erdbeeren-project" */ = {
			isa = XCConfigurationList;
			buildConfigurations = (
				BF3252AB27748DAB00F69F78 /* Debug */,
				BF3252AC27748DAB00F69F78 /* Release */,
			);
			defaultConfigurationIsVisible = 0;
			defaultConfigurationName = Release;
		};
		BF3252AD27748DAB00F69F78 /* Build configuration list for PBXNativeTarget "frische-erdbeeren-project" */ = {
			isa = XCConfigurationList;
			buildConfigurations = (
				BF3252AE27748DAB00F69F78 /* Debug */,
				BF3252AF27748DAB00F69F78 /* Release */,
			);
			defaultConfigurationIsVisible = 0;
			defaultConfigurationName = Release;
		};
/* End XCConfigurationList section */
	};
	rootObject = BF32529127748DAA00F69F78 /* Project object */;
}
